<?xml version="1.0" encoding="utf-8"?>
<Project ToolsVersion="18.0" xmlns="http://schemas.microsoft.com/developer/msbuild/2003">
  <ItemGroup>
    <ClCompile Include="E:\Users\Simon\source\repos\kseditor\ksACsoundlib_autogen\mocs_compilation_Debug.cpp">
      <Filter>Source Files</Filter>
    </ClCompile>
    <ClCompile Include="E:\Users\Simon\source\repos\kseditor\src\plugins\simulators\kunos\assettocorsa\acFiles\AudioBankParser.cpp">
      <Filter>Source Files</Filter>
    </ClCompile>
    <ClCompile Include="E:\Users\Simon\source\repos\kseditor\ksACsoundlib_autogen\mocs_compilation_Release.cpp">
      <Filter>Source Files</Filter>
    </ClCompile>
    <ClCompile Include="E:\Users\Simon\source\repos\kseditor\ksACsoundlib_autogen\mocs_compilation_MinSizeRel.cpp">
      <Filter>Source Files</Filter>
    </ClCompile>
    <ClCompile Include="E:\Users\Simon\source\repos\kseditor\ksACsoundlib_autogen\mocs_compilation_RelWithDebInfo.cpp">
      <Filter>Source Files</Filter>
    </ClCompile>
  </ItemGroup>
  <ItemGroup>
    <ClInclude Include="E:\Users\Simon\source\repos\kseditor\src\plugins\simulators\kunos\assettocorsa\acFiles\AudioBankParser.h">
      <Filter>Header Files</Filter>
    </ClInclude>
  </ItemGroup>
  <ItemGroup>
    <CustomBuild Include="E:\Users\Simon\source\repos\kseditor\CMakeLists.txt" />
  </ItemGroup>
  <ItemGroup>
    <Filter Include="Header Files">
      <UniqueIdentifier>{AA6806F5-D199-3BC1-AF3B-4BB1A12D9699}</UniqueIdentifier>
    </Filter>
    <Filter Include="Source Files">
      <UniqueIdentifier>{75A62DB0-5860-3116-8A88-34A8FBAB09F1}</UniqueIdentifier>
    </Filter>
  </ItemGroup>
</Project>
