<?xml version="1.0" encoding="utf-8"?>
<Project ToolsVersion="18.0" xmlns="http://schemas.microsoft.com/developer/msbuild/2003">
  <ItemGroup>
    <ClCompile Include="E:\Users\Simon\source\repos\kseditor\src\plugins\simulators\kunos\assettocorsa\ksAssettoCorsa.cpp">
      <Filter>Source Files</Filter>
    </ClCompile>
    <ClCompile Include="E:\Users\Simon\source\repos\kseditor\src\plugins\simulators\kunos\assettocorsa\ContentBrowser.cpp">
      <Filter>Source Files</Filter>
    </ClCompile>
    <ClCompile Include="E:\Users\Simon\source\repos\kseditor\src\plugins\simulators\kunos\assettocorsa\KsAssettoCorsaContentPath.cpp">
      <Filter>Source Files</Filter>
    </ClCompile>
    <ClCompile Include="E:\Users\Simon\source\repos\kseditor\src\plugins\simulators\kunos\assettocorsa\KsConverters.cpp">
      <Filter>Source Files</Filter>
    </ClCompile>
    <ClCompile Include="E:\Users\Simon\source\repos\kseditor\src\plugins\simulators\kunos\assettocorsa\KsAssettoCorsaRunner.cpp">
      <Filter>Source Files</Filter>
    </ClCompile>
    <ClCompile Include="E:\Users\Simon\source\repos\kseditor\src\plugins\simulators\kunos\assettocorsa\QmlBridges.cpp">
      <Filter>Source Files</Filter>
    </ClCompile>
    <ClCompile Include="E:\Users\Simon\source\repos\kseditor\src\plugins\simulators\kunos\assettocorsa\SetupComparison.cpp">
      <Filter>Source Files</Filter>
    </ClCompile>
    <ClCompile Include="E:\Users\Simon\source\repos\kseditor\src\plugins\simulators\kunos\assettocorsa\WorkshopModule.cpp">
      <Filter>Source Files</Filter>
    </ClCompile>
    <ClCompile Include="E:\Users\Simon\source\repos\kseditor\src\plugins\simulators\kunos\assettocorsa\acCSP\CspConfigParser.cpp">
      <Filter>Source Files</Filter>
    </ClCompile>
    <ClCompile Include="E:\Users\Simon\source\repos\kseditor\src\plugins\simulators\kunos\assettocorsa\acCSP\CspConfigHandler.cpp">
      <Filter>Source Files</Filter>
    </ClCompile>
    <ClCompile Include="E:\Users\Simon\source\repos\kseditor\src\plugins\simulators\kunos\assettocorsa\acFiles\FBXExporter.cpp">
      <Filter>Source Files</Filter>
    </ClCompile>
    <ClCompile Include="E:\Users\Simon\source\repos\kseditor\src\plugins\simulators\kunos\assettocorsa\acFiles\Kn5Previewer.cpp">
      <Filter>Source Files</Filter>
    </ClCompile>
    <ClCompile Include="E:\Users\Simon\source\repos\kseditor\src\plugins\simulators\kunos\assettocorsa\acFiles\LODExporter.cpp">
      <Filter>Source Files</Filter>
    </ClCompile>
    <ClCompile Include="E:\Users\Simon\source\repos\kseditor\src\plugins\simulators\kunos\assettocorsa\acFiles\LuaGenerator.cpp">
      <Filter>Source Files</Filter>
    </ClCompile>
    <ClCompile Include="E:\Users\Simon\source\repos\kseditor\src\plugins\simulators\kunos\assettocorsa\acFiles\RTOParser.cpp">
      <Filter>Source Files</Filter>
    </ClCompile>
    <ClCompile Include="E:\Users\Simon\source\repos\kseditor\src\plugins\simulators\kunos\assettocorsa\acFiles\KSAnimFormat.cpp">
      <Filter>Source Files</Filter>
    </ClCompile>
    <ClCompile Include="E:\Users\Simon\source\repos\kseditor\src\plugins\simulators\kunos\assettocorsa\acFiles\ACDParser.cpp">
      <Filter>Source Files</Filter>
    </ClCompile>
    <ClCompile Include="E:\Users\Simon\source\repos\kseditor\src\plugins\simulators\kunos\assettocorsa\acFiles\KN5Decrypt.cpp">
      <Filter>Source Files</Filter>
    </ClCompile>
    <ClCompile Include="E:\Users\Simon\source\repos\kseditor\src\plugins\simulators\kunos\assettocorsa\acFiles\KN5Parser.cpp">
      <Filter>Source Files</Filter>
    </ClCompile>
    <ClCompile Include="E:\Users\Simon\source\repos\kseditor\src\plugins\simulators\kunos\assettocorsa\ACSharedMemory.cpp">
      <Filter>Source Files</Filter>
    </ClCompile>
    <ClCompile Include="E:\Users\Simon\source\repos\kseditor\src\plugins\simulators\kunos\assettocorsa\ACLivePreviewBridge.cpp">
      <Filter>Source Files</Filter>
    </ClCompile>
    <ClCompile Include="E:\Users\Simon\source\repos\kseditor\src\plugins\simulators\kunos\assettocorsa\moc_QmlBridges.cpp">
      <Filter>Source Files</Filter>
    </ClCompile>
    <ClCompile Include="E:\Users\Simon\source\repos\kseditor\src\plugins\simulators\kunos\assettocorsa\moc_WorkshopModule.cpp">
      <Filter>Source Files</Filter>
    </ClCompile>
    <ClCompile Include="E:\Users\Simon\source\repos\kseditor\src\plugins\simulators\kunos\assettocorsa\moc_KsAssettoCorsaContentPath.cpp">
      <Filter>Source Files</Filter>
    </ClCompile>
    <ClCompile Include="E:\Users\Simon\source\repos\kseditor\src\plugins\simulators\kunos\assettocorsa\moc_KsAssettoCorsaRunner.cpp">
      <Filter>Source Files</Filter>
    </ClCompile>
    <ClCompile Include="E:\Users\Simon\source\repos\kseditor\src\plugins\simulators\kunos\assettocorsa\moc_SetupComparison.cpp">
      <Filter>Source Files</Filter>
    </ClCompile>
    <ClCompile Include="E:\Users\Simon\source\repos\kseditor\src\plugins\simulators\kunos\assettocorsa\acFiles\moc_Kn5Previewer.cpp">
      <Filter>Source Files</Filter>
    </ClCompile>
    <ClCompile Include="E:\Users\Simon\source\repos\kseditor\src\plugins\simulators\kunos\assettocorsa\acCSP\moc_CspConfigParser.cpp">
      <Filter>Source Files</Filter>
    </ClCompile>
    <ClCompile Include="E:\Users\Simon\source\repos\kseditor\src\plugins\simulators\kunos\assettocorsa\acCSP\moc_CspConfigHandler.cpp">
      <Filter>Source Files</Filter>
    </ClCompile>
    <ClCompile Include="E:\Users\Simon\source\repos\kseditor\src\plugins\simulators\kunos\assettocorsa\moc_ACSharedMemory.cpp">
      <Filter>Source Files</Filter>
    </ClCompile>
    <ClCompile Include="E:\Users\Simon\source\repos\kseditor\src\plugins\simulators\kunos\assettocorsa\moc_ACLivePreviewBridge.cpp">
      <Filter>Source Files</Filter>
    </ClCompile>
  </ItemGroup>
  <ItemGroup>
    <ClInclude Include="E:\Users\Simon\source\repos\kseditor\src\plugins\simulators\kunos\assettocorsa\ksassettocorsa.h">
      <Filter>Header Files</Filter>
    </ClInclude>
    <ClInclude Include="E:\Users\Simon\source\repos\kseditor\src\plugins\simulators\kunos\assettocorsa\assettocorsa_core.h">
      <Filter>Header Files</Filter>
    </ClInclude>
    <ClInclude Include="E:\Users\Simon\source\repos\kseditor\src\plugins\simulators\kunos\assettocorsa\ksAssettoCorsa_export.h">
      <Filter>Header Files</Filter>
    </ClInclude>
    <ClInclude Include="E:\Users\Simon\source\repos\kseditor\src\plugins\simulators\kunos\assettocorsa\ContentBrowser.h">
      <Filter>Header Files</Filter>
    </ClInclude>
    <ClInclude Include="E:\Users\Simon\source\repos\kseditor\src\plugins\simulators\kunos\assettocorsa\KsAssettoCorsaContentPath.h">
      <Filter>Header Files</Filter>
    </ClInclude>
    <ClInclude Include="E:\Users\Simon\source\repos\kseditor\src\plugins\simulators\kunos\assettocorsa\KsConverters.h">
      <Filter>Header Files</Filter>
    </ClInclude>
    <ClInclude Include="E:\Users\Simon\source\repos\kseditor\src\plugins\simulators\kunos\assettocorsa\KsAssettoCorsaRunner.h">
      <Filter>Header Files</Filter>
    </ClInclude>
    <ClInclude Include="E:\Users\Simon\source\repos\kseditor\src\plugins\simulators\kunos\assettocorsa\QmlBridges.h">
      <Filter>Header Files</Filter>
    </ClInclude>
    <ClInclude Include="E:\Users\Simon\source\repos\kseditor\src\plugins\simulators\kunos\assettocorsa\SetupComparison.h">
      <Filter>Header Files</Filter>
    </ClInclude>
    <ClInclude Include="E:\Users\Simon\source\repos\kseditor\src\plugins\simulators\kunos\assettocorsa\WorkshopModule.h">
      <Filter>Header Files</Filter>
    </ClInclude>
    <ClInclude Include="E:\Users\Simon\source\repos\kseditor\src\plugins\simulators\kunos\assettocorsa\ksAssettoCorsaIni.h">
      <Filter>Header Files</Filter>
    </ClInclude>
    <ClInclude Include="E:\Users\Simon\source\repos\kseditor\src\plugins\simulators\kunos\assettocorsa\ksAssettoCorsaConfig.h">
      <Filter>Header Files</Filter>
    </ClInclude>
    <ClInclude Include="E:\Users\Simon\source\repos\kseditor\src\plugins\simulators\kunos\assettocorsa\ksAssettoCorsaSetup.h">
      <Filter>Header Files</Filter>
    </ClInclude>
    <ClInclude Include="E:\Users\Simon\source\repos\kseditor\src\plugins\simulators\kunos\assettocorsa\acCSP\CspConfigParser.h">
      <Filter>Header Files</Filter>
    </ClInclude>
    <ClInclude Include="E:\Users\Simon\source\repos\kseditor\src\plugins\simulators\kunos\assettocorsa\acCSP\CspConfigHandler.h">
      <Filter>Header Files</Filter>
    </ClInclude>
    <ClInclude Include="E:\Users\Simon\source\repos\kseditor\src\plugins\simulators\kunos\assettocorsa\acFiles\FBXExporter.h">
      <Filter>Header Files</Filter>
    </ClInclude>
    <ClInclude Include="E:\Users\Simon\source\repos\kseditor\src\plugins\simulators\kunos\assettocorsa\acFiles\Kn5Previewer.h">
      <Filter>Header Files</Filter>
    </ClInclude>
    <ClInclude Include="E:\Users\Simon\source\repos\kseditor\src\plugins\simulators\kunos\assettocorsa\acFiles\LODExporter.h">
      <Filter>Header Files</Filter>
    </ClInclude>
    <ClInclude Include="E:\Users\Simon\source\repos\kseditor\src\plugins\simulators\kunos\assettocorsa\acFiles\LUTParser.h">
      <Filter>Header Files</Filter>
    </ClInclude>
    <ClInclude Include="E:\Users\Simon\source\repos\kseditor\src\plugins\simulators\kunos\assettocorsa\acFiles\LuaGenerator.h">
      <Filter>Header Files</Filter>
    </ClInclude>
    <ClInclude Include="E:\Users\Simon\source\repos\kseditor\src\plugins\simulators\kunos\assettocorsa\acFiles\RTOParser.h">
      <Filter>Header Files</Filter>
    </ClInclude>
    <ClInclude Include="E:\Users\Simon\source\repos\kseditor\src\plugins\simulators\kunos\assettocorsa\acFiles\KNHFormat.h">
      <Filter>Header Files</Filter>
    </ClInclude>
    <ClInclude Include="E:\Users\Simon\source\repos\kseditor\src\plugins\simulators\kunos\assettocorsa\acFiles\KSAnimFormat.h">
      <Filter>Header Files</Filter>
    </ClInclude>
    <ClInclude Include="E:\Users\Simon\source\repos\kseditor\src\plugins\simulators\kunos\assettocorsa\acFiles\ACDParser.h">
      <Filter>Header Files</Filter>
    </ClInclude>
    <ClInclude Include="E:\Users\Simon\source\repos\kseditor\src\plugins\simulators\kunos\assettocorsa\acFiles\KN5Decrypt.h">
      <Filter>Header Files</Filter>
    </ClInclude>
    <ClInclude Include="E:\Users\Simon\source\repos\kseditor\src\plugins\simulators\kunos\assettocorsa\acFiles\KN5Types.h">
      <Filter>Header Files</Filter>
    </ClInclude>
    <ClInclude Include="E:\Users\Simon\source\repos\kseditor\src\plugins\simulators\kunos\assettocorsa\acFiles\KN5Parser.h">
      <Filter>Header Files</Filter>
    </ClInclude>
    <ClInclude Include="E:\Users\Simon\source\repos\kseditor\src\plugins\simulators\kunos\assettocorsa\ACLivePreviewBridge.h">
      <Filter>Header Files</Filter>
    </ClInclude>
  </ItemGroup>
  <ItemGroup>
    <CustomBuild Include="E:\Users\Simon\source\repos\kseditor\CMakeFiles\c6cd83517d51042797887faf53376774\moc_QmlBridges.cpp.rule">
      <Filter>CMake Rules</Filter>
    </CustomBuild>
    <CustomBuild Include="E:\Users\Simon\source\repos\kseditor\CMakeFiles\c6cd83517d51042797887faf53376774\moc_WorkshopModule.cpp.rule">
      <Filter>CMake Rules</Filter>
    </CustomBuild>
    <CustomBuild Include="E:\Users\Simon\source\repos\kseditor\CMakeFiles\c6cd83517d51042797887faf53376774\moc_KsAssettoCorsaContentPath.cpp.rule">
      <Filter>CMake Rules</Filter>
    </CustomBuild>
    <CustomBuild Include="E:\Users\Simon\source\repos\kseditor\CMakeFiles\c6cd83517d51042797887faf53376774\moc_KsAssettoCorsaRunner.cpp.rule">
      <Filter>CMake Rules</Filter>
    </CustomBuild>
    <CustomBuild Include="E:\Users\Simon\source\repos\kseditor\CMakeFiles\c6cd83517d51042797887faf53376774\moc_SetupComparison.cpp.rule">
      <Filter>CMake Rules</Filter>
    </CustomBuild>
    <CustomBuild Include="E:\Users\Simon\source\repos\kseditor\CMakeFiles\8ac70152acabc8870f4a71da9caba689\moc_Kn5Previewer.cpp.rule">
      <Filter>CMake Rules</Filter>
    </CustomBuild>
    <CustomBuild Include="E:\Users\Simon\source\repos\kseditor\CMakeFiles\81f9bea3d7c3e7fcd5d4282c47eb0523\moc_CspConfigParser.cpp.rule">
      <Filter>CMake Rules</Filter>
    </CustomBuild>
    <CustomBuild Include="E:\Users\Simon\source\repos\kseditor\CMakeFiles\81f9bea3d7c3e7fcd5d4282c47eb0523\moc_CspConfigHandler.cpp.rule">
      <Filter>CMake Rules</Filter>
    </CustomBuild>
    <CustomBuild Include="E:\Users\Simon\source\repos\kseditor\CMakeFiles\c6cd83517d51042797887faf53376774\moc_ACSharedMemory.cpp.rule">
      <Filter>CMake Rules</Filter>
    </CustomBuild>
    <CustomBuild Include="E:\Users\Simon\source\repos\kseditor\CMakeFiles\c6cd83517d51042797887faf53376774\moc_ACLivePreviewBridge.cpp.rule">
      <Filter>CMake Rules</Filter>
    </CustomBuild>
    <CustomBuild Include="E:\Users\Simon\source\repos\kseditor\CMakeLists.txt" />
  </ItemGroup>
  <ItemGroup>
    <Filter Include="CMake Rules">
      <UniqueIdentifier>{6EFDA4E8-4317-3FE7-BAC2-17A697BF894B}</UniqueIdentifier>
    </Filter>
    <Filter Include="Header Files">
      <UniqueIdentifier>{AA6806F5-D199-3BC1-AF3B-4BB1A12D9699}</UniqueIdentifier>
    </Filter>
    <Filter Include="Source Files">
      <UniqueIdentifier>{75A62DB0-5860-3116-8A88-34A8FBAB09F1}</UniqueIdentifier>
    </Filter>
  </ItemGroup>
</Project>
