<?xml version="1.0" encoding="utf-8"?>
<Project ToolsVersion="18.0" xmlns="http://schemas.microsoft.com/developer/msbuild/2003">
  <ItemGroup>
    <ClCompile Include="E:\Users\Simon\source\repos\kseditor\src\plugins\simulators\kunos\assettocorsaevo\ksAssettoCorsaEVO.cpp">
      <Filter>Source Files</Filter>
    </ClCompile>
    <ClCompile Include="E:\Users\Simon\source\repos\kseditor\src\plugins\simulators\kunos\assettocorsaevo\ACEPaths.cpp">
      <Filter>Source Files</Filter>
    </ClCompile>
    <ClCompile Include="E:\Users\Simon\source\repos\kseditor\src\plugins\simulators\kunos\assettocorsaevo\ACEPackageParser.cpp">
      <Filter>Source Files</Filter>
    </ClCompile>
    <ClCompile Include="E:\Users\Simon\source\repos\kseditor\src\plugins\simulators\kunos\assettocorsaevo\ACEProtobufDecoder.cpp">
      <Filter>Source Files</Filter>
    </ClCompile>
    <ClCompile Include="E:\Users\Simon\source\repos\kseditor\src\plugins\simulators\kunos\assettocorsaevo\ACERunner.cpp">
      <Filter>Source Files</Filter>
    </ClCompile>
    <ClCompile Include="E:\Users\Simon\source\repos\kseditor\src\plugins\simulators\kunos\assettocorsaevo\ACEQmlBridge.cpp">
      <Filter>Source Files</Filter>
    </ClCompile>
    <ClCompile Include="E:\Users\Simon\source\repos\kseditor\src\plugins\simulators\kunos\assettocorsaevo\ACEventBridge.cpp">
      <Filter>Source Files</Filter>
    </ClCompile>
    <ClCompile Include="E:\Users\Simon\source\repos\kseditor\src\plugins\simulators\kunos\assettocorsaevo\moc_ACEPaths.cpp">
      <Filter>Source Files</Filter>
    </ClCompile>
    <ClCompile Include="E:\Users\Simon\source\repos\kseditor\src\plugins\simulators\kunos\assettocorsaevo\moc_ACERunner.cpp">
      <Filter>Source Files</Filter>
    </ClCompile>
    <ClCompile Include="E:\Users\Simon\source\repos\kseditor\src\plugins\simulators\kunos\assettocorsaevo\moc_ACEQmlBridge.cpp">
      <Filter>Source Files</Filter>
    </ClCompile>
    <ClCompile Include="E:\Users\Simon\source\repos\kseditor\src\plugins\simulators\kunos\assettocorsaevo\moc_ACEventBridge.cpp">
      <Filter>Source Files</Filter>
    </ClCompile>
  </ItemGroup>
  <ItemGroup>
    <ClInclude Include="E:\Users\Simon\source\repos\kseditor\src\plugins\simulators\kunos\assettocorsaevo\ksAssettoCorsaEVO_export.h">
      <Filter>Header Files</Filter>
    </ClInclude>
    <ClInclude Include="E:\Users\Simon\source\repos\kseditor\src\plugins\simulators\kunos\assettocorsaevo\ACEPaths.h">
      <Filter>Header Files</Filter>
    </ClInclude>
    <ClInclude Include="E:\Users\Simon\source\repos\kseditor\src\plugins\simulators\kunos\assettocorsaevo\ACEPackageParser.h">
      <Filter>Header Files</Filter>
    </ClInclude>
    <ClInclude Include="E:\Users\Simon\source\repos\kseditor\src\plugins\simulators\kunos\assettocorsaevo\ACEProtobufDecoder.h">
      <Filter>Header Files</Filter>
    </ClInclude>
    <ClInclude Include="E:\Users\Simon\source\repos\kseditor\src\plugins\simulators\kunos\assettocorsaevo\ACERunner.h">
      <Filter>Header Files</Filter>
    </ClInclude>
    <ClInclude Include="E:\Users\Simon\source\repos\kseditor\src\plugins\simulators\kunos\assettocorsaevo\ACEQmlBridge.h">
      <Filter>Header Files</Filter>
    </ClInclude>
    <ClInclude Include="E:\Users\Simon\source\repos\kseditor\src\plugins\simulators\kunos\assettocorsaevo\ACEventBridge.h">
      <Filter>Header Files</Filter>
    </ClInclude>
  </ItemGroup>
  <ItemGroup>
    <CustomBuild Include="E:\Users\Simon\source\repos\kseditor\CMakeFiles\c85788af7f1d59de18dede7782913816\moc_ACEPaths.cpp.rule">
      <Filter>CMake Rules</Filter>
    </CustomBuild>
    <CustomBuild Include="E:\Users\Simon\source\repos\kseditor\CMakeFiles\c85788af7f1d59de18dede7782913816\moc_ACERunner.cpp.rule">
      <Filter>CMake Rules</Filter>
    </CustomBuild>
    <CustomBuild Include="E:\Users\Simon\source\repos\kseditor\CMakeFiles\c85788af7f1d59de18dede7782913816\moc_ACEQmlBridge.cpp.rule">
      <Filter>CMake Rules</Filter>
    </CustomBuild>
    <CustomBuild Include="E:\Users\Simon\source\repos\kseditor\CMakeFiles\c85788af7f1d59de18dede7782913816\moc_ACEventBridge.cpp.rule">
      <Filter>CMake Rules</Filter>
    </CustomBuild>
    <CustomBuild Include="E:\Users\Simon\source\repos\kseditor\CMakeLists.txt" />
  </ItemGroup>
  <ItemGroup>
    <Filter Include="CMake Rules">
      <UniqueIdentifier>{6EFDA4E8-4317-3FE7-BAC2-17A697BF894B}</UniqueIdentifier>
    </Filter>
    <Filter Include="Header Files">
      <UniqueIdentifier>{AA6806F5-D199-3BC1-AF3B-4BB1A12D9699}</UniqueIdentifier>
    </Filter>
    <Filter Include="Source Files">
      <UniqueIdentifier>{75A62DB0-5860-3116-8A88-34A8FBAB09F1}</UniqueIdentifier>
    </Filter>
  </ItemGroup>
</Project>
