<?xml version="1.0" encoding="utf-8"?>
<Project ToolsVersion="18.0" xmlns="http://schemas.microsoft.com/developer/msbuild/2003">
  <ItemGroup>
    <ClCompile Include="E:\Users\Simon\source\repos\kseditor\external\mikktspace\mikktspace.c">
      <Filter>Source Files</Filter>
    </ClCompile>
  </ItemGroup>
  <ItemGroup>
    <CustomBuild Include="E:\Users\Simon\source\repos\kseditor\CMakeLists.txt" />
  </ItemGroup>
  <ItemGroup>
    <Filter Include="Source Files">
      <UniqueIdentifier>{75A62DB0-5860-3116-8A88-34A8FBAB09F1}</UniqueIdentifier>
    </Filter>
  </ItemGroup>
</Project>
